
Microsoft Visual Studio Solution File, Format Version 12.00
# Visual Studio 15
VisualStudioVersion = 15.0.28010.2003
MinimumVisualStudioVersion = 10.0.40219.1
Project("{FAE04EC0-301F-11D3-BF4B-00C04F79EFBC}") = "OneKeyRegisterNew", "OneKeyRegisterNew\OneKeyRegisterNew.csproj", "{7ECB3E6E-9572-44EC-A6A3-7DE0D1D408DB}"
EndProject
Global
	GlobalSection(SolutionConfigurationPlatforms) = preSolution
		Debug|Any CPU = Debug|Any CPU
		Release|Any CPU = Release|Any CPU
	EndGlobalSection
	GlobalSection(ProjectConfigurationPlatforms) = postSolution
		{7ECB3E6E-9572-44EC-A6A3-7DE0D1D408DB}.Debug|Any CPU.ActiveCfg = Debug|Any CPU
		{7ECB3E6E-9572-44EC-A6A3-7DE0D1D408DB}.Debug|Any CPU.Build.0 = Debug|Any CPU
		{7ECB3E6E-9572-44EC-A6A3-7DE0D1D408DB}.Release|Any CPU.ActiveCfg = Release|Any CPU
		{7ECB3E6E-9572-44EC-A6A3-7DE0D1D408DB}.Release|Any CPU.Build.0 = Release|Any CPU
	EndGlobalSection
	GlobalSection(SolutionProperties) = preSolution
		HideSolutionNode = FALSE
	EndGlobalSection
	GlobalSection(ExtensibilityGlobals) = postSolution
		SolutionGuid = {D184559E-9DA7-479D-BB03-E94E0D986548}
	EndGlobalSection
EndGlobal
